
Microsoft Visual Studio Solution File, Format Version 12.00
# Visual Studio Version 17
VisualStudioVersion = 17.4.33205.214
MinimumVisualStudioVersion = 10.0.40219.1
Project("{FAE04EC0-301F-11D3-BF4B-00C04F79EFBC}") = "WebApiPlayground", "WebApiPlayground\WebApiPlayground.csproj", "{DA76E8B1-57DD-437E-9AE4-462958E42771}"
EndProject
Global
	GlobalSection(SolutionConfigurationPlatforms) = preSolution
		Debug|Any CPU = Debug|Any CPU
		Release|Any CPU = Release|Any CPU
	EndGlobalSection
	GlobalSection(ProjectConfigurationPlatforms) = postSolution
		{DA76E8B1-57DD-437E-9AE4-462958E42771}.Debug|Any CPU.ActiveCfg = Debug|Any CPU
		{DA76E8B1-57DD-437E-9AE4-462958E42771}.Debug|Any CPU.Build.0 = Debug|Any CPU
		{DA76E8B1-57DD-437E-9AE4-462958E42771}.Release|Any CPU.ActiveCfg = Release|Any CPU
		{DA76E8B1-57DD-437E-9AE4-462958E42771}.Release|Any CPU.Build.0 = Release|Any CPU
	EndGlobalSection
	GlobalSection(SolutionProperties) = preSolution
		HideSolutionNode = FALSE
	EndGlobalSection
	GlobalSection(ExtensibilityGlobals) = postSolution
		SolutionGuid = {30F2E0A2-7D98-4F3E-BEC5-1088001230AE}
	EndGlobalSection
EndGlobal
